
Microsoft Visual Studio Solution File, Format Version 12.00
# Visual Studio 15
VisualStudioVersion = 15.0.26730.16
MinimumVisualStudioVersion = 10.0.40219.1
Project("{FAE04EC0-301F-11D3-BF4B-00C04F79EFBC}") = "VirtualDeskSwitch", "VirtualDeskSwitch\VirtualDeskSwitch.csproj", "{4DF57BD4-91C2-49E0-8736-B3A9024E383B}"
EndProject
Project("{FAE04EC0-301F-11D3-BF4B-00C04F79EFBC}") = "VirtualDesktop", "VirtualDesktop-develop\source\VirtualDesktop\VirtualDesktop.csproj", "{AB848ECD-76AA-41C0-B63D-86A8591B25AA}"
EndProject
Global
	GlobalSection(SolutionConfigurationPlatforms) = preSolution
		Debug|Any CPU = Debug|Any CPU
		Debug|x64 = Debug|x64
		Debug|x86 = Debug|x86
		Release|Any CPU = Release|Any CPU
		Release|x64 = Release|x64
		Release|x86 = Release|x86
	EndGlobalSection
	GlobalSection(ProjectConfigurationPlatforms) = postSolution
		{4DF57BD4-91C2-49E0-8736-B3A9024E383B}.Debug|Any CPU.ActiveCfg = Debug|Any CPU
		{4DF57BD4-91C2-49E0-8736-B3A9024E383B}.Debug|Any CPU.Build.0 = Debug|Any CPU
		{4DF57BD4-91C2-49E0-8736-B3A9024E383B}.Debug|x64.ActiveCfg = Debug|Any CPU
		{4DF57BD4-91C2-49E0-8736-B3A9024E383B}.Debug|x64.Build.0 = Debug|Any CPU
		{4DF57BD4-91C2-49E0-8736-B3A9024E383B}.Debug|x86.ActiveCfg = Debug|Any CPU
		{4DF57BD4-91C2-49E0-8736-B3A9024E383B}.Debug|x86.Build.0 = Debug|Any CPU
		{4DF57BD4-91C2-49E0-8736-B3A9024E383B}.Release|Any CPU.ActiveCfg = Release|Any CPU
		{4DF57BD4-91C2-49E0-8736-B3A9024E383B}.Release|Any CPU.Build.0 = Release|Any CPU
		{4DF57BD4-91C2-49E0-8736-B3A9024E383B}.Release|x64.ActiveCfg = Release|Any CPU
		{4DF57BD4-91C2-49E0-8736-B3A9024E383B}.Release|x64.Build.0 = Release|Any CPU
		{4DF57BD4-91C2-49E0-8736-B3A9024E383B}.Release|x86.ActiveCfg = Release|Any CPU
		{4DF57BD4-91C2-49E0-8736-B3A9024E383B}.Release|x86.Build.0 = Release|Any CPU
		{AB848ECD-76AA-41C0-B63D-86A8591B25AA}.Debug|Any CPU.ActiveCfg = Debug|Any CPU
		{AB848ECD-76AA-41C0-B63D-86A8591B25AA}.Debug|Any CPU.Build.0 = Debug|Any CPU
		{AB848ECD-76AA-41C0-B63D-86A8591B25AA}.Debug|x64.ActiveCfg = Debug|x64
		{AB848ECD-76AA-41C0-B63D-86A8591B25AA}.Debug|x64.Build.0 = Debug|x64
		{AB848ECD-76AA-41C0-B63D-86A8591B25AA}.Debug|x86.ActiveCfg = Debug|x86
		{AB848ECD-76AA-41C0-B63D-86A8591B25AA}.Debug|x86.Build.0 = Debug|x86
		{AB848ECD-76AA-41C0-B63D-86A8591B25AA}.Release|Any CPU.ActiveCfg = Release|Any CPU
		{AB848ECD-76AA-41C0-B63D-86A8591B25AA}.Release|Any CPU.Build.0 = Release|Any CPU
		{AB848ECD-76AA-41C0-B63D-86A8591B25AA}.Release|x64.ActiveCfg = Release|x64
		{AB848ECD-76AA-41C0-B63D-86A8591B25AA}.Release|x64.Build.0 = Release|x64
		{AB848ECD-76AA-41C0-B63D-86A8591B25AA}.Release|x86.ActiveCfg = Release|x86
		{AB848ECD-76AA-41C0-B63D-86A8591B25AA}.Release|x86.Build.0 = Release|x86
	EndGlobalSection
	GlobalSection(SolutionProperties) = preSolution
		HideSolutionNode = FALSE
	EndGlobalSection
	GlobalSection(ExtensibilityGlobals) = postSolution
		SolutionGuid = {49C1E0A5-C623-4B8D-BCD4-18820326E54B}
	EndGlobalSection
EndGlobal
